
Microsoft Visual Studio Solution File, Format Version 12.00
# Visual Studio Version 16
VisualStudioVersion = 16.0.29424.173
MinimumVisualStudioVersion = 10.0.40219.1
Project("{6EC3EE1D-3C4E-46DD-8F32-0CC8E7565705}") = "Sln", "Sln\Sln.fsproj", "{D7052EB3-5353-4B54-8A6D-A81F410DA838}"
EndProject
Project("{6EC3EE1D-3C4E-46DD-8F32-0CC8E7565705}") = "Specs", "Specs\Specs.fsproj", "{56784479-6893-4BB4-85EA-67E4BCB25F91}"
EndProject
Global
	GlobalSection(SolutionConfigurationPlatforms) = preSolution
		Debug|Any CPU = Debug|Any CPU
		Release|Any CPU = Release|Any CPU
	EndGlobalSection
	GlobalSection(ProjectConfigurationPlatforms) = postSolution
		{D7052EB3-5353-4B54-8A6D-A81F410DA838}.Debug|Any CPU.ActiveCfg = Debug|Any CPU
		{D7052EB3-5353-4B54-8A6D-A81F410DA838}.Debug|Any CPU.Build.0 = Debug|Any CPU
		{D7052EB3-5353-4B54-8A6D-A81F410DA838}.Release|Any CPU.ActiveCfg = Release|Any CPU
		{D7052EB3-5353-4B54-8A6D-A81F410DA838}.Release|Any CPU.Build.0 = Release|Any CPU
		{56784479-6893-4BB4-85EA-67E4BCB25F91}.Debug|Any CPU.ActiveCfg = Debug|Any CPU
		{56784479-6893-4BB4-85EA-67E4BCB25F91}.Debug|Any CPU.Build.0 = Debug|Any CPU
		{56784479-6893-4BB4-85EA-67E4BCB25F91}.Release|Any CPU.ActiveCfg = Release|Any CPU
		{56784479-6893-4BB4-85EA-67E4BCB25F91}.Release|Any CPU.Build.0 = Release|Any CPU
	EndGlobalSection
	GlobalSection(SolutionProperties) = preSolution
		HideSolutionNode = FALSE
	EndGlobalSection
	GlobalSection(ExtensibilityGlobals) = postSolution
		SolutionGuid = {4CF6C257-C4BA-4B7C-9136-F4BD71F4F7C4}
	EndGlobalSection
EndGlobal
